// !$*UTF8*$!
{
	archiveVersion = 1;
	classes = {
	};
	objectVersion = 55;
	objects = {

/* Begin PBXBuildFile section */
		5704F527274CCAAB003909FF /* AppDelegate.m in Sources */ = {isa = PBXBuildFile; fileRef = 5704F526274CCAAB003909FF /* AppDelegate.m */; };
		5704F52A274CCAAB003909FF /* SceneDelegate.m in Sources */ = {isa = PBXBuildFile; fileRef = 5704F529274CCAAB003909FF /* SceneDelegate.m */; };
		5704F52D274CCAAB003909FF /* ViewController.m in Sources */ = {isa = PBXBuildFile; fileRef = 5704F52C274CCAAB003909FF /* ViewController.m */; };
		5704F530274CCAAB003909FF /* Main.storyboard in Resources */ = {isa = PBXBuildFile; fileRef = 5704F52E274CCAAB003909FF /* Main.storyboard */; };
		5704F532274CCAAC003909FF /* Assets.xcassets in Resources */ = {isa = PBXBuildFile; fileRef = 5704F531274CCAAC003909FF /* Assets.xcassets */; };
		5704F535274CCAAC003909FF /* LaunchScreen.storyboard in Resources */ = {isa = PBXBuildFile; fileRef = 5704F533274CCAAC003909FF /* LaunchScreen.storyboard */; };
		5704F538274CCAAC003909FF /* main.m in Sources */ = {isa = PBXBuildFile; fileRef = 5704F537274CCAAC003909FF /* main.m */; };
		57E7A3D0274CD2CD007F8160 /* TestControllerViewController.m in Sources */ = {isa = PBXBuildFile; fileRef = 57E7A3CF274CD2CD007F8160 /* TestControllerViewController.m */; };
		E75974DFDED2C9F8C69C7856 /* Pods_RemoteCacheTest.framework in Frameworks */ = {isa = PBXBuildFile; fileRef = 5D095AEAB3535176EBE8C2AF /* Pods_RemoteCacheTest.framework */; };
/* End PBXBuildFile section */

/* Begin PBXFileReference section */
		3B5DB7B70285D3D743835979 /* Pods-RemoteCacheTest.debug.xcconfig */ = {isa = PBXFileReference; includeInIndex = 1; lastKnownFileType = text.xcconfig; name = "Pods-RemoteCacheTest.debug.xcconfig"; path = "Target Support Files/Pods-RemoteCacheTest/Pods-RemoteCacheTest.debug.xcconfig"; sourceTree = "<group>"; };
		4BF266250636C69897D0C9D7 /* Pods-RemoteCacheTest.release.xcconfig */ = {isa = PBXFileReference; includeInIndex = 1; lastKnownFileType = text.xcconfig; name = "Pods-RemoteCacheTest.release.xcconfig"; path = "Target Support Files/Pods-RemoteCacheTest/Pods-RemoteCacheTest.release.xcconfig"; sourceTree = "<group>"; };
		5704F522274CCAAB003909FF /* RemoteCacheTest.app */ = {isa = PBXFileReference; explicitFileType = wrapper.application; includeInIndex = 0; path = RemoteCacheTest.app; sourceTree = BUILT_PRODUCTS_DIR; };
		5704F525274CCAAB003909FF /* AppDelegate.h */ = {isa = PBXFileReference; lastKnownFileType = sourcecode.c.h; path = AppDelegate.h; sourceTree = "<group>"; };
		5704F526274CCAAB003909FF /* AppDelegate.m */ = {isa = PBXFileReference; lastKnownFileType = sourcecode.c.objc; path = AppDelegate.m; sourceTree = "<group>"; };
		5704F528274CCAAB003909FF /* SceneDelegate.h */ = {isa = PBXFileReference; lastKnownFileType = sourcecode.c.h; path = SceneDelegate.h; sourceTree = "<group>"; };
		5704F529274CCAAB003909FF /* SceneDelegate.m */ = {isa = PBXFileReference; lastKnownFileType = sourcecode.c.objc; path = SceneDelegate.m; sourceTree = "<group>"; };
		5704F52B274CCAAB003909FF /* ViewController.h */ = {isa = PBXFileReference; lastKnownFileType = sourcecode.c.h; path = ViewController.h; sourceTree = "<group>"; };
		5704F52C274CCAAB003909FF /* ViewController.m */ = {isa = PBXFileReference; lastKnownFileType = sourcecode.c.objc; path = ViewController.m; sourceTree = "<group>"; };
		5704F52F274CCAAB003909FF /* Base */ = {isa = PBXFileReference; lastKnownFileType = file.storyboard; name = Base; path = Base.lproj/Main.storyboard; sourceTree = "<group>"; };
		5704F531274CCAAC003909FF /* Assets.xcassets */ = {isa = PBXFileReference; lastKnownFileType = folder.assetcatalog; path = Assets.xcassets; sourceTree = "<group>"; };
		5704F534274CCAAC003909FF /* Base */ = {isa = PBXFileReference; lastKnownFileType = file.storyboard; name = Base; path = Base.lproj/LaunchScreen.storyboard; sourceTree = "<group>"; };
		5704F536274CCAAC003909FF /* Info.plist */ = {isa = PBXFileReference; lastKnownFileType = text.plist.xml; path = Info.plist; sourceTree = "<group>"; };
		5704F537274CCAAC003909FF /* main.m */ = {isa = PBXFileReference; lastKnownFileType = sourcecode.c.objc; path = main.m; sourceTree = "<group>"; };
		57E7A3CE274CD2CD007F8160 /* TestControllerViewController.h */ = {isa = PBXFileReference; lastKnownFileType = sourcecode.c.h; path = TestControllerViewController.h; sourceTree = "<group>"; };
		57E7A3CF274CD2CD007F8160 /* TestControllerViewController.m */ = {isa = PBXFileReference; lastKnownFileType = sourcecode.c.objc; path = TestControllerViewController.m; sourceTree = "<group>"; };
		5D095AEAB3535176EBE8C2AF /* Pods_RemoteCacheTest.framework */ = {isa = PBXFileReference; explicitFileType = wrapper.framework; includeInIndex = 0; path = Pods_RemoteCacheTest.framework; sourceTree = BUILT_PRODUCTS_DIR; };
/* End PBXFileReference section */

/* Begin PBXFrameworksBuildPhase section */
		5704F51F274CCAAB003909FF /* Frameworks */ = {
			isa = PBXFrameworksBuildPhase;
			buildActionMask = 2147483647;
			files = (
				E75974DFDED2C9F8C69C7856 /* Pods_RemoteCacheTest.framework in Frameworks */,
			);
			runOnlyForDeploymentPostprocessing = 0;
		};
/* End PBXFrameworksBuildPhase section */

/* Begin PBXGroup section */
		12798649405C04ED824A65A2 /* Pods */ = {
			isa = PBXGroup;
			children = (
				3B5DB7B70285D3D743835979 /* Pods-RemoteCacheTest.debug.xcconfig */,
				4BF266250636C69897D0C9D7 /* Pods-RemoteCacheTest.release.xcconfig */,
			);
			path = Pods;
			sourceTree = "<group>";
		};
		5704F519274CCAAB003909FF = {
			isa = PBXGroup;
			children = (
				5704F524274CCAAB003909FF /* RemoteCacheTest */,
				5704F523274CCAAB003909FF /* Products */,
				12798649405C04ED824A65A2 /* Pods */,
				63315FB2C412294E983758A8 /* Frameworks */,
			);
			sourceTree = "<group>";
		};
		5704F523274CCAAB003909FF /* Products */ = {
			isa = PBXGroup;
			children = (
				5704F522274CCAAB003909FF /* RemoteCacheTest.app */,
			);
			name = Products;
			sourceTree = "<group>";
		};
		5704F524274CCAAB003909FF /* RemoteCacheTest */ = {
			isa = PBXGroup;
			children = (
				5704F525274CCAAB003909FF /* AppDelegate.h */,
				5704F526274CCAAB003909FF /* AppDelegate.m */,
				5704F528274CCAAB003909FF /* SceneDelegate.h */,
				5704F529274CCAAB003909FF /* SceneDelegate.m */,
				5704F52B274CCAAB003909FF /* ViewController.h */,
				5704F52C274CCAAB003909FF /* ViewController.m */,
				57E7A3CE274CD2CD007F8160 /* TestControllerViewController.h */,
				57E7A3CF274CD2CD007F8160 /* TestControllerViewController.m */,
				5704F52E274CCAAB003909FF /* Main.storyboard */,
				5704F531274CCAAC003909FF /* Assets.xcassets */,
				5704F533274CCAAC003909FF /* LaunchScreen.storyboard */,
				5704F536274CCAAC003909FF /* Info.plist */,
				5704F537274CCAAC003909FF /* main.m */,
			);
			path = RemoteCacheTest;
			sourceTree = "<group>";
		};
		63315FB2C412294E983758A8 /* Frameworks */ = {
			isa = PBXGroup;
			children = (
				5D095AEAB3535176EBE8C2AF /* Pods_RemoteCacheTest.framework */,
			);
			name = Frameworks;
			sourceTree = "<group>";
		};
/* End PBXGroup section */

/* Begin PBXNativeTarget section */
		5704F521274CCAAB003909FF /* RemoteCacheTest */ = {
			isa = PBXNativeTarget;
			buildConfigurationList = 5704F53B274CCAAC003909FF /* Build configuration list for PBXNativeTarget "RemoteCacheTest" */;
			buildPhases = (
				F62FA0EE5A42D848EEC943D9 /* [XCRC] Prebuild */,
				FA829D44AF93D0F71AD03479 /* [CP] Check Pods Manifest.lock */,
				5704F51E274CCAAB003909FF /* Sources */,
				5704F51F274CCAAB003909FF /* Frameworks */,
				5704F520274CCAAB003909FF /* Resources */,
				7EEFDA7536507E51E56F2995 /* [CP] Embed Pods Frameworks */,
				FB5B477CECBD7687F12CB434 /* [XCRC] Postbuild */,
			);
			buildRules = (
			);
			dependencies = (
			);
			name = RemoteCacheTest;
			productName = RemoteCacheTest;
			productReference = 5704F522274CCAAB003909FF /* RemoteCacheTest.app */;
			productType = "com.apple.product-type.application";
		};
/* End PBXNativeTarget section */

/* Begin PBXProject section */
		5704F51A274CCAAB003909FF /* Project object */ = {
			isa = PBXProject;
			attributes = {
				BuildIndependentTargetsInParallel = 1;
				LastUpgradeCheck = 1310;
				TargetAttributes = {
					5704F521274CCAAB003909FF = {
						CreatedOnToolsVersion = 13.1;
					};
				};
			};
			buildConfigurationList = 5704F51D274CCAAB003909FF /* Build configuration list for PBXProject "RemoteCacheTest" */;
			compatibilityVersion = "Xcode 13.0";
			developmentRegion = en;
			hasScannedForEncodings = 0;
			knownRegions = (
				en,
				Base,
			);
			mainGroup = 5704F519274CCAAB003909FF;
			productRefGroup = 5704F523274CCAAB003909FF /* Products */;
			projectDirPath = "";
			projectRoot = "";
			targets = (
				5704F521274CCAAB003909FF /* RemoteCacheTest */,
			);
		};
/* End PBXProject section */

/* Begin PBXResourcesBuildPhase section */
		5704F520274CCAAB003909FF /* Resources */ = {
			isa = PBXResourcesBuildPhase;
			buildActionMask = 2147483647;
			files = (
				5704F535274CCAAC003909FF /* LaunchScreen.storyboard in Resources */,
				5704F532274CCAAC003909FF /* Assets.xcassets in Resources */,
				5704F530274CCAAB003909FF /* Main.storyboard in Resources */,
			);
			runOnlyForDeploymentPostprocessing = 0;
		};
/* End PBXResourcesBuildPhase section */

/* Begin PBXShellScriptBuildPhase section */
		7EEFDA7536507E51E56F2995 /* [CP] Embed Pods Frameworks */ = {
			isa = PBXShellScriptBuildPhase;
			buildActionMask = 2147483647;
			files = (
			);
			inputFileListPaths = (
				"${PODS_ROOT}/Target Support Files/Pods-RemoteCacheTest/Pods-RemoteCacheTest-frameworks-${CONFIGURATION}-input-files.xcfilelist",
			);
			name = "[CP] Embed Pods Frameworks";
			outputFileListPaths = (
				"${PODS_ROOT}/Target Support Files/Pods-RemoteCacheTest/Pods-RemoteCacheTest-frameworks-${CONFIGURATION}-output-files.xcfilelist",
			);
			runOnlyForDeploymentPostprocessing = 0;
			shellPath = /bin/sh;
			shellScript = "\"${PODS_ROOT}/Target Support Files/Pods-RemoteCacheTest/Pods-RemoteCacheTest-frameworks.sh\"\n";
			showEnvVarsInLog = 0;
		};
		F62FA0EE5A42D848EEC943D9 /* [XCRC] Prebuild */ = {
			isa = PBXShellScriptBuildPhase;
			buildActionMask = 2147483647;
			dependencyFile = "$(TARGET_TEMP_DIR)/prebuild.d";
			files = (
			);
			inputFileListPaths = (
			);
			inputPaths = (
				/Users/lvjun/Developer/RemoteCacheTest/XCRC/xcprebuild,
			);
			name = "[XCRC] Prebuild";
			outputFileListPaths = (
			);
			outputPaths = (
				"$(TARGET_TEMP_DIR)/rc.enabled",
				"$(DWARF_DSYM_FOLDER_PATH)/$(DWARF_DSYM_FILE_NAME)",
			);
			runOnlyForDeploymentPostprocessing = 0;
			shellPath = /bin/sh;
			shellScript = "\"$SCRIPT_INPUT_FILE_0\"";
		};
		FA829D44AF93D0F71AD03479 /* [CP] Check Pods Manifest.lock */ = {
			isa = PBXShellScriptBuildPhase;
			buildActionMask = 2147483647;
			files = (
			);
			inputFileListPaths = (
			);
			inputPaths = (
				"${PODS_PODFILE_DIR_PATH}/Podfile.lock",
				"${PODS_ROOT}/Manifest.lock",
			);
			name = "[CP] Check Pods Manifest.lock";
			outputFileListPaths = (
			);
			outputPaths = (
				"$(DERIVED_FILE_DIR)/Pods-RemoteCacheTest-checkManifestLockResult.txt",
			);
			runOnlyForDeploymentPostprocessing = 0;
			shellPath = /bin/sh;
			shellScript = "diff \"${PODS_PODFILE_DIR_PATH}/Podfile.lock\" \"${PODS_ROOT}/Manifest.lock\" > /dev/null\nif [ $? != 0 ] ; then\n    # print error to STDERR\n    echo \"error: The sandbox is not in sync with the Podfile.lock. Run 'pod install' or update your CocoaPods installation.\" >&2\n    exit 1\nfi\n# This output is used by Xcode 'outputs' to avoid re-running this script phase.\necho \"SUCCESS\" > \"${SCRIPT_OUTPUT_FILE_0}\"\n";
			showEnvVarsInLog = 0;
		};
		FB5B477CECBD7687F12CB434 /* [XCRC] Postbuild */ = {
			isa = PBXShellScriptBuildPhase;
			buildActionMask = 2147483647;
			dependencyFile = "$(TARGET_TEMP_DIR)/postbuild.d";
			files = (
			);
			inputFileListPaths = (
			);
			inputPaths = (
				/Users/lvjun/Developer/RemoteCacheTest/XCRC/xcpostbuild,
			);
			name = "[XCRC] Postbuild";
			outputFileListPaths = (
			);
			outputPaths = (
				"$(TARGET_BUILD_DIR)/$(MODULES_FOLDER_PATH)/$(PRODUCT_MODULE_NAME).swiftmodule/$(PLATFORM_PREFERRED_ARCH).swiftmodule.md5",
				"$(TARGET_BUILD_DIR)/$(MODULES_FOLDER_PATH)/$(PRODUCT_MODULE_NAME).swiftmodule/$(PLATFORM_PREFERRED_ARCH)-$(LLVM_TARGET_TRIPLE_VENDOR)-$(SWIFT_PLATFORM_TARGET_PREFIX)$(LLVM_TARGET_TRIPLE_SUFFIX).swiftmodule.md5",
			);
			runOnlyForDeploymentPostprocessing = 0;
			shellPath = /bin/sh;
			shellScript = "\"$SCRIPT_INPUT_FILE_0\"";
		};
/* End PBXShellScriptBuildPhase section */

/* Begin PBXSourcesBuildPhase section */
		5704F51E274CCAAB003909FF /* Sources */ = {
			isa = PBXSourcesBuildPhase;
			buildActionMask = 2147483647;
			files = (
				5704F52D274CCAAB003909FF /* ViewController.m in Sources */,
				57E7A3D0274CD2CD007F8160 /* TestControllerViewController.m in Sources */,
				5704F527274CCAAB003909FF /* AppDelegate.m in Sources */,
				5704F538274CCAAC003909FF /* main.m in Sources */,
				5704F52A274CCAAB003909FF /* SceneDelegate.m in Sources */,
			);
			runOnlyForDeploymentPostprocessing = 0;
		};
/* End PBXSourcesBuildPhase section */

/* Begin PBXVariantGroup section */
		5704F52E274CCAAB003909FF /* Main.storyboard */ = {
			isa = PBXVariantGroup;
			children = (
				5704F52F274CCAAB003909FF /* Base */,
			);
			name = Main.storyboard;
			sourceTree = "<group>";
		};
		5704F533274CCAAC003909FF /* LaunchScreen.storyboard */ = {
			isa = PBXVariantGroup;
			children = (
				5704F534274CCAAC003909FF /* Base */,
			);
			name = LaunchScreen.storyboard;
			sourceTree = "<group>";
		};
/* End PBXVariantGroup section */

/* Begin XCBuildConfiguration section */
		5704F539274CCAAC003909FF /* Debug */ = {
			isa = XCBuildConfiguration;
			buildSettings = {
				ALWAYS_SEARCH_USER_PATHS = NO;
				CLANG_ANALYZER_NONNULL = YES;
				CLANG_ANALYZER_NUMBER_OBJECT_CONVERSION = YES_AGGRESSIVE;
				CLANG_CXX_LANGUAGE_STANDARD = "gnu++17";
				CLANG_CXX_LIBRARY = "libc++";
				CLANG_ENABLE_MODULES = YES;
				CLANG_ENABLE_OBJC_ARC = YES;
				CLANG_ENABLE_OBJC_WEAK = YES;
				CLANG_WARN_BLOCK_CAPTURE_AUTORELEASING = YES;
				CLANG_WARN_BOOL_CONVERSION = YES;
				CLANG_WARN_COMMA = YES;
				CLANG_WARN_CONSTANT_CONVERSION = YES;
				CLANG_WARN_DEPRECATED_OBJC_IMPLEMENTATIONS = YES;
				CLANG_WARN_DIRECT_OBJC_ISA_USAGE = YES_ERROR;
				CLANG_WARN_DOCUMENTATION_COMMENTS = YES;
				CLANG_WARN_EMPTY_BODY = YES;
				CLANG_WARN_ENUM_CONVERSION = YES;
				CLANG_WARN_INFINITE_RECURSION = YES;
				CLANG_WARN_INT_CONVERSION = YES;
				CLANG_WARN_NON_LITERAL_NULL_CONVERSION = YES;
				CLANG_WARN_OBJC_IMPLICIT_RETAIN_SELF = YES;
				CLANG_WARN_OBJC_LITERAL_CONVERSION = YES;
				CLANG_WARN_OBJC_ROOT_CLASS = YES_ERROR;
				CLANG_WARN_QUOTED_INCLUDE_IN_FRAMEWORK_HEADER = YES;
				CLANG_WARN_RANGE_LOOP_ANALYSIS = YES;
				CLANG_WARN_STRICT_PROTOTYPES = YES;
				CLANG_WARN_SUSPICIOUS_MOVE = YES;
				CLANG_WARN_UNGUARDED_AVAILABILITY = YES_AGGRESSIVE;
				CLANG_WARN_UNREACHABLE_CODE = YES;
				CLANG_WARN__DUPLICATE_METHOD_MATCH = YES;
				COPY_PHASE_STRIP = NO;
				DEBUG_INFORMATION_FORMAT = dwarf;
				ENABLE_STRICT_OBJC_MSGSEND = YES;
				ENABLE_TESTABILITY = YES;
				GCC_C_LANGUAGE_STANDARD = gnu11;
				GCC_DYNAMIC_NO_PIC = NO;
				GCC_NO_COMMON_BLOCKS = YES;
				GCC_OPTIMIZATION_LEVEL = 0;
				GCC_PREPROCESSOR_DEFINITIONS = (
					"DEBUG=1",
					"$(inherited)",
				);
				GCC_WARN_64_TO_32_BIT_CONVERSION = YES;
				GCC_WARN_ABOUT_RETURN_TYPE = YES_ERROR;
				GCC_WARN_UNDECLARED_SELECTOR = YES;
				GCC_WARN_UNINITIALIZED_AUTOS = YES_AGGRESSIVE;
				GCC_WARN_UNUSED_FUNCTION = YES;
				GCC_WARN_UNUSED_VARIABLE = YES;
				IPHONEOS_DEPLOYMENT_TARGET = 15.0;
				MTL_ENABLE_DEBUG_INFO = INCLUDE_SOURCE;
				MTL_FAST_MATH = YES;
				ONLY_ACTIVE_ARCH = YES;
				SDKROOT = iphoneos;
			};
			name = Debug;
		};
		5704F53A274CCAAC003909FF /* Release */ = {
			isa = XCBuildConfiguration;
			buildSettings = {
				ALWAYS_SEARCH_USER_PATHS = NO;
				CLANG_ANALYZER_NONNULL = YES;
				CLANG_ANALYZER_NUMBER_OBJECT_CONVERSION = YES_AGGRESSIVE;
				CLANG_CXX_LANGUAGE_STANDARD = "gnu++17";
				CLANG_CXX_LIBRARY = "libc++";
				CLANG_ENABLE_MODULES = YES;
				CLANG_ENABLE_OBJC_ARC = YES;
				CLANG_ENABLE_OBJC_WEAK = YES;
				CLANG_WARN_BLOCK_CAPTURE_AUTORELEASING = YES;
				CLANG_WARN_BOOL_CONVERSION = YES;
				CLANG_WARN_COMMA = YES;
				CLANG_WARN_CONSTANT_CONVERSION = YES;
				CLANG_WARN_DEPRECATED_OBJC_IMPLEMENTATIONS = YES;
				CLANG_WARN_DIRECT_OBJC_ISA_USAGE = YES_ERROR;
				CLANG_WARN_DOCUMENTATION_COMMENTS = YES;
				CLANG_WARN_EMPTY_BODY = YES;
				CLANG_WARN_ENUM_CONVERSION = YES;
				CLANG_WARN_INFINITE_RECURSION = YES;
				CLANG_WARN_INT_CONVERSION = YES;
				CLANG_WARN_NON_LITERAL_NULL_CONVERSION = YES;
				CLANG_WARN_OBJC_IMPLICIT_RETAIN_SELF = YES;
				CLANG_WARN_OBJC_LITERAL_CONVERSION = YES;
				CLANG_WARN_OBJC_ROOT_CLASS = YES_ERROR;
				CLANG_WARN_QUOTED_INCLUDE_IN_FRAMEWORK_HEADER = YES;
				CLANG_WARN_RANGE_LOOP_ANALYSIS = YES;
				CLANG_WARN_STRICT_PROTOTYPES = YES;
				CLANG_WARN_SUSPICIOUS_MOVE = YES;
				CLANG_WARN_UNGUARDED_AVAILABILITY = YES_AGGRESSIVE;
				CLANG_WARN_UNREACHABLE_CODE = YES;
				CLANG_WARN__DUPLICATE_METHOD_MATCH = YES;
				COPY_PHASE_STRIP = NO;
				DEBUG_INFORMATION_FORMAT = "dwarf-with-dsym";
				ENABLE_NS_ASSERTIONS = NO;
				ENABLE_STRICT_OBJC_MSGSEND = YES;
				GCC_C_LANGUAGE_STANDARD = gnu11;
				GCC_NO_COMMON_BLOCKS = YES;
				GCC_WARN_64_TO_32_BIT_CONVERSION = YES;
				GCC_WARN_ABOUT_RETURN_TYPE = YES_ERROR;
				GCC_WARN_UNDECLARED_SELECTOR = YES;
				GCC_WARN_UNINITIALIZED_AUTOS = YES_AGGRESSIVE;
				GCC_WARN_UNUSED_FUNCTION = YES;
				GCC_WARN_UNUSED_VARIABLE = YES;
				IPHONEOS_DEPLOYMENT_TARGET = 15.0;
				MTL_ENABLE_DEBUG_INFO = NO;
				MTL_FAST_MATH = YES;
				SDKROOT = iphoneos;
				VALIDATE_PRODUCT = YES;
			};
			name = Release;
		};
		5704F53C274CCAAC003909FF /* Debug */ = {
			isa = XCBuildConfiguration;
			baseConfigurationReference = 3B5DB7B70285D3D743835979 /* Pods-RemoteCacheTest.debug.xcconfig */;
			buildSettings = {
				ASSETCATALOG_COMPILER_APPICON_NAME = AppIcon;
				ASSETCATALOG_COMPILER_GLOBAL_ACCENT_COLOR_NAME = AccentColor;
				CC = /Users/lvjun/Developer/RemoteCacheTest/.rc/xccc;
				CODE_SIGN_STYLE = Automatic;
				CURRENT_PROJECT_VERSION = 1;
				DEVELOPMENT_TEAM = XE778GA928;
				GENERATE_INFOPLIST_FILE = YES;
				INFOPLIST_FILE = RemoteCacheTest/Info.plist;
				INFOPLIST_KEY_UIApplicationSupportsIndirectInputEvents = YES;
				INFOPLIST_KEY_UILaunchStoryboardName = LaunchScreen;
				INFOPLIST_KEY_UIMainStoryboardFile = Main;
				INFOPLIST_KEY_UISupportedInterfaceOrientations_iPad = "UIInterfaceOrientationPortrait UIInterfaceOrientationPortraitUpsideDown UIInterfaceOrientationLandscapeLeft UIInterfaceOrientationLandscapeRight";
				INFOPLIST_KEY_UISupportedInterfaceOrientations_iPhone = "UIInterfaceOrientationPortrait UIInterfaceOrientationLandscapeLeft UIInterfaceOrientationLandscapeRight";
				IPHONEOS_DEPLOYMENT_TARGET = 14.0;
				LD = /Users/lvjun/Developer/RemoteCacheTest/XCRC/xcld;
				LD_RUNPATH_SEARCH_PATHS = (
					"$(inherited)",
					"@executable_path/Frameworks",
				);
				LIBTOOL = /Users/lvjun/Developer/RemoteCacheTest/XCRC/xclibtool;
				MARKETING_VERSION = 1.0;
				OTHER_CFLAGS = (
					"$(inherited)",
					"-fdebug-prefix-map=/Users/lvjun/Developer/RemoteCacheTest=$(XCREMOTE_CACHE_FAKE_SRCROOT)",
					"-fdebug-prefix-map=/Users/lvjun/Developer/RemoteCacheTest=$(XCREMOTE_CACHE_FAKE_SRCROOT)",
				);
				OTHER_SWIFT_FLAGS = "$(inherited) -debug-prefix-map /Users/lvjun/Developer/RemoteCacheTest=$(XCREMOTE_CACHE_FAKE_SRCROOT)";
				PRODUCT_BUNDLE_IDENTIFIER = com.akring.RemoteCacheTest;
				PRODUCT_NAME = "$(TARGET_NAME)";
				SWIFT_EMIT_LOC_STRINGS = YES;
				SWIFT_EXEC = /Users/lvjun/Developer/RemoteCacheTest/XCRC/xcswiftc;
				TARGETED_DEVICE_FAMILY = "1,2";
				XCREMOTE_CACHE_FAKE_SRCROOT = /xxxxxxxxxx;
			};
			name = Debug;
		};
		5704F53D274CCAAC003909FF /* Release */ = {
			isa = XCBuildConfiguration;
			baseConfigurationReference = 4BF266250636C69897D0C9D7 /* Pods-RemoteCacheTest.release.xcconfig */;
			buildSettings = {
				ASSETCATALOG_COMPILER_APPICON_NAME = AppIcon;
				ASSETCATALOG_COMPILER_GLOBAL_ACCENT_COLOR_NAME = AccentColor;
				CC = /Users/lvjun/Developer/RemoteCacheTest/.rc/xccc;
				CODE_SIGN_STYLE = Automatic;
				CURRENT_PROJECT_VERSION = 1;
				DEVELOPMENT_TEAM = XE778GA928;
				GENERATE_INFOPLIST_FILE = YES;
				INFOPLIST_FILE = RemoteCacheTest/Info.plist;
				INFOPLIST_KEY_UIApplicationSupportsIndirectInputEvents = YES;
				INFOPLIST_KEY_UILaunchStoryboardName = LaunchScreen;
				INFOPLIST_KEY_UIMainStoryboardFile = Main;
				INFOPLIST_KEY_UISupportedInterfaceOrientations_iPad = "UIInterfaceOrientationPortrait UIInterfaceOrientationPortraitUpsideDown UIInterfaceOrientationLandscapeLeft UIInterfaceOrientationLandscapeRight";
				INFOPLIST_KEY_UISupportedInterfaceOrientations_iPhone = "UIInterfaceOrientationPortrait UIInterfaceOrientationLandscapeLeft UIInterfaceOrientationLandscapeRight";
				IPHONEOS_DEPLOYMENT_TARGET = 14.0;
				LD = /Users/lvjun/Developer/RemoteCacheTest/XCRC/xcld;
				LD_RUNPATH_SEARCH_PATHS = (
					"$(inherited)",
					"@executable_path/Frameworks",
				);
				LIBTOOL = /Users/lvjun/Developer/RemoteCacheTest/XCRC/xclibtool;
				MARKETING_VERSION = 1.0;
				OTHER_CFLAGS = (
					"$(inherited)",
					"-fdebug-prefix-map=/Users/lvjun/Developer/RemoteCacheTest=$(XCREMOTE_CACHE_FAKE_SRCROOT)",
					"-fdebug-prefix-map=/Users/lvjun/Developer/RemoteCacheTest=$(XCREMOTE_CACHE_FAKE_SRCROOT)",
				);
				OTHER_SWIFT_FLAGS = "$(inherited) -debug-prefix-map /Users/lvjun/Developer/RemoteCacheTest=$(XCREMOTE_CACHE_FAKE_SRCROOT)";
				PRODUCT_BUNDLE_IDENTIFIER = com.akring.RemoteCacheTest;
				PRODUCT_NAME = "$(TARGET_NAME)";
				SWIFT_EMIT_LOC_STRINGS = YES;
				SWIFT_EXEC = /Users/lvjun/Developer/RemoteCacheTest/XCRC/xcswiftc;
				TARGETED_DEVICE_FAMILY = "1,2";
				XCREMOTE_CACHE_FAKE_SRCROOT = /xxxxxxxxxx;
			};
			name = Release;
		};
/* End XCBuildConfiguration section */

/* Begin XCConfigurationList section */
		5704F51D274CCAAB003909FF /* Build configuration list for PBXProject "RemoteCacheTest" */ = {
			isa = XCConfigurationList;
			buildConfigurations = (
				5704F539274CCAAC003909FF /* Debug */,
				5704F53A274CCAAC003909FF /* Release */,
			);
			defaultConfigurationIsVisible = 0;
			defaultConfigurationName = Release;
		};
		5704F53B274CCAAC003909FF /* Build configuration list for PBXNativeTarget "RemoteCacheTest" */ = {
			isa = XCConfigurationList;
			buildConfigurations = (
				5704F53C274CCAAC003909FF /* Debug */,
				5704F53D274CCAAC003909FF /* Release */,
			);
			defaultConfigurationIsVisible = 0;
			defaultConfigurationName = Release;
		};
/* End XCConfigurationList section */
	};
	rootObject = 5704F51A274CCAAB003909FF /* Project object */;
}
